
Microsoft Visual Studio Solution File, Format Version 11.00
# Visual C++ Express 2010
Project("{8BC9CEB8-8B4A-11D0-8D11-00A0C91BC942}") = "FixResIssue", "FixResIssue\FixResIssue.vcxproj", "{094779E5-3091-471E-B063-3B701F8DCCDC}"
EndProject
Global
	GlobalSection(SolutionConfigurationPlatforms) = preSolution
		Debug|Win32 = Debug|Win32
		Release|Win32 = Release|Win32
	EndGlobalSection
	GlobalSection(ProjectConfigurationPlatforms) = postSolution
		{094779E5-3091-471E-B063-3B701F8DCCDC}.Debug|Win32.ActiveCfg = Debug|Win32
		{094779E5-3091-471E-B063-3B701F8DCCDC}.Debug|Win32.Build.0 = Debug|Win32
		{094779E5-3091-471E-B063-3B701F8DCCDC}.Release|Win32.ActiveCfg = Release|Win32
		{094779E5-3091-471E-B063-3B701F8DCCDC}.Release|Win32.Build.0 = Release|Win32
	EndGlobalSection
	GlobalSection(SolutionProperties) = preSolution
		HideSolutionNode = FALSE
	EndGlobalSection
EndGlobal
